
Microsoft Visual Studio Solution File, Format Version 12.00
# Visual Studio Version 17
VisualStudioVersion = 17.5.33516.290
MinimumVisualStudioVersion = 10.0.40219.1
Project("{FAE04EC0-301F-11D3-BF4B-00C04F79EFBC}") = "FilmesApi", "FilmesApi\FilmesApi.csproj", "{C275826F-5E43-425E-A109-A62C75418EB9}"
EndProject
Global
	GlobalSection(SolutionConfigurationPlatforms) = preSolution
		Debug|Any CPU = Debug|Any CPU
		Release|Any CPU = Release|Any CPU
	EndGlobalSection
	GlobalSection(ProjectConfigurationPlatforms) = postSolution
		{C275826F-5E43-425E-A109-A62C75418EB9}.Debug|Any CPU.ActiveCfg = Debug|Any CPU
		{C275826F-5E43-425E-A109-A62C75418EB9}.Debug|Any CPU.Build.0 = Debug|Any CPU
		{C275826F-5E43-425E-A109-A62C75418EB9}.Release|Any CPU.ActiveCfg = Release|Any CPU
		{C275826F-5E43-425E-A109-A62C75418EB9}.Release|Any CPU.Build.0 = Release|Any CPU
	EndGlobalSection
	GlobalSection(SolutionProperties) = preSolution
		HideSolutionNode = FALSE
	EndGlobalSection
	GlobalSection(ExtensibilityGlobals) = postSolution
		SolutionGuid = {B66FA34B-91FC-4CA3-AAAB-5FF5E0D064DC}
	EndGlobalSection
EndGlobal
